{
	"name": "@11ty/import",
	"version": "1.0.20",
	"lockfileVersion": 3,
	"requires": true,
	"packages": {
		"": {
			"name": "@11ty/import",
			"version": "1.0.20",
			"license": "MIT",
			"dependencies": {
				"@11ty/eleventy-fetch": "^5.1.2",
				"@11ty/eleventy-utils": "^2.0.7",
				"@11ty/posthtml-urls": "^1.0.3",
				"@prettier/sync": "^0.6.1",
				"@sindresorhus/slugify": "^2.2.1",
				"dotenv": "^17.4.2",
				"entities": "^7.0.1",
				"fast-xml-parser": "^5.8.0",
				"filesize": "^10.1.6",
				"github-publish": "^6.0.0",
				"js-yaml": "^4.1.1",
				"kleur": "^4.1.5",
				"posthtml": "^0.16.7",
				"prettier": "^3.8.3",
				"striptags": "^3.2.0",
				"turndown": "github:zachleat/fork-turndown"
			},
			"bin": {
				"eleventy-import": "cli.js"
			},
			"devDependencies": {
				"husky": "^9.1.7"
			},
			"engines": {
				"node": ">=18"
			},
			"funding": {
				"type": "opencollective",
				"url": "https://opencollective.com/11ty"
			}
		},
		"node_modules/@11ty/eleventy-fetch": {
			"version": "5.1.2",
			"resolved": "https://registry.npmjs.org/@11ty/eleventy-fetch/-/eleventy-fetch-5.1.2.tgz",
			"integrity": "sha512-YxDARdR3S9UT4gOGRWgGNyokYT9jkCAjJge3OVKFdNMv1cyvWg1NHCvj9NVvK9XHenCLFy3cwvM/YYpZZTZopw==",
			"license": "MIT",
			"dependencies": {
				"@11ty/eleventy-utils": "^2.0.7",
				"@rgrove/parse-xml": "^4.2.0",
				"debug": "^4.4.3",
				"flatted": "^3.4.2",
				"p-queue": "6.6.2"
			},
			"engines": {
				"node": ">=18"
			},
			"funding": {
				"type": "opencollective",
				"url": "https://opencollective.com/11ty"
			}
		},
		"node_modules/@11ty/eleventy-utils": {
			"version": "2.0.7",
			"resolved": "https://registry.npmjs.org/@11ty/eleventy-utils/-/eleventy-utils-2.0.7.tgz",
			"integrity": "sha512-6QE+duqSQ0GY9rENXYb4iPR4AYGdrFpqnmi59tFp9VrleOl0QSh8VlBr2yd6dlhkdtj7904poZW5PvGr9cMiJQ==",
			"license": "MIT",
			"engines": {
				"node": ">=18"
			},
			"funding": {
				"type": "opencollective",
				"url": "https://opencollective.com/11ty"
			}
		},
		"node_modules/@11ty/posthtml-urls": {
			"version": "1.0.3",
			"resolved": "https://registry.npmjs.org/@11ty/posthtml-urls/-/posthtml-urls-1.0.3.tgz",
			"integrity": "sha512-1YvhnkaNlFnnJic1rBMWmTC2adbuy+JQiBfl1Hecr1Wjjik1pQZmGyk/eC9zKX/FQv52s2Nht1Gi/UwhYqrBeg==",
			"license": "MIT",
			"dependencies": {
				"evaluate-value": "^2.0.0",
				"http-equiv-refresh": "^2.0.1",
				"list-to-array": "^1.1.0",
				"parse-srcset": "^1.0.2"
			},
			"engines": {
				"node": ">= 6"
			}
		},
		"node_modules/@11ty/posthtml-urls/node_modules/http-equiv-refresh": {
			"version": "2.0.1",
			"resolved": "https://registry.npmjs.org/http-equiv-refresh/-/http-equiv-refresh-2.0.1.tgz",
			"integrity": "sha512-XJpDL/MLkV3dKwLzHwr2dY05dYNfBNlyPu4STQ8WvKCFdc6vC5tPXuq28of663+gHVg03C+16pHHs/+FmmDjcw==",
			"license": "MIT",
			"engines": {
				"node": ">= 6"
			}
		},
		"node_modules/@mixmark-io/domino": {
			"version": "2.2.0",
			"resolved": "https://registry.npmjs.org/@mixmark-io/domino/-/domino-2.2.0.tgz",
			"integrity": "sha512-Y28PR25bHXUg88kCV7nivXrP2Nj2RueZ3/l/jdx6J9f8J4nsEGcgX0Qe6lt7Pa+J79+kPiJU3LguR6O/6zrLOw==",
			"license": "BSD-2-Clause"
		},
		"node_modules/@nodable/entities": {
			"version": "2.1.0",
			"resolved": "https://registry.npmjs.org/@nodable/entities/-/entities-2.1.0.tgz",
			"integrity": "sha512-nyT7T3nbMyBI/lvr6L5TyWbFJAI9FTgVRakNoBqCD+PmID8DzFrrNdLLtHMwMszOtqZa8PAOV24ZqDnQrhQINA==",
			"funding": [
				{
					"type": "github",
					"url": "https://github.com/sponsors/nodable"
				}
			],
			"license": "MIT"
		},
		"node_modules/@prettier/sync": {
			"version": "0.6.1",
			"resolved": "https://registry.npmjs.org/@prettier/sync/-/sync-0.6.1.tgz",
			"integrity": "sha512-yF9G8vK/LYUTF3Cijd7VC9La3b20F20/J/fgoR4H0B8JGOWnZVZX6+I6+vODPosjmMcpdlUV+gUqJQZp3kLOcw==",
			"license": "MIT",
			"dependencies": {
				"make-synchronized": "^0.8.0"
			},
			"funding": {
				"url": "https://github.com/prettier/prettier-synchronized?sponsor=1"
			},
			"peerDependencies": {
				"prettier": "*"
			}
		},
		"node_modules/@rgrove/parse-xml": {
			"version": "4.2.0",
			"resolved": "https://registry.npmjs.org/@rgrove/parse-xml/-/parse-xml-4.2.0.tgz",
			"integrity": "sha512-UuBOt7BOsKVOkFXRe4Ypd/lADuNIfqJXv8GvHqtXaTYXPPKkj2nS2zPllVsrtRjcomDhIJVBnZwfmlI222WH8g==",
			"license": "ISC",
			"engines": {
				"node": ">=14.0.0"
			}
		},
		"node_modules/@sindresorhus/slugify": {
			"version": "2.2.1",
			"resolved": "https://registry.npmjs.org/@sindresorhus/slugify/-/slugify-2.2.1.tgz",
			"integrity": "sha512-MkngSCRZ8JdSOCHRaYd+D01XhvU3Hjy6MGl06zhOk614hp9EOAp5gIkBeQg7wtmxpitU6eAL4kdiRMcJa2dlrw==",
			"license": "MIT",
			"dependencies": {
				"@sindresorhus/transliterate": "^1.0.0",
				"escape-string-regexp": "^5.0.0"
			},
			"engines": {
				"node": ">=12"
			},
			"funding": {
				"url": "https://github.com/sponsors/sindresorhus"
			}
		},
		"node_modules/@sindresorhus/transliterate": {
			"version": "1.6.0",
			"resolved": "https://registry.npmjs.org/@sindresorhus/transliterate/-/transliterate-1.6.0.tgz",
			"integrity": "sha512-doH1gimEu3A46VX6aVxpHTeHrytJAG6HgdxntYnCFiIFHEM/ZGpG8KiZGBChchjQmG0XFIBL552kBTjVcMZXwQ==",
			"license": "MIT",
			"dependencies": {
				"escape-string-regexp": "^5.0.0"
			},
			"engines": {
				"node": ">=12"
			},
			"funding": {
				"url": "https://github.com/sponsors/sindresorhus"
			}
		},
		"node_modules/argparse": {
			"version": "2.0.1",
			"resolved": "https://registry.npmjs.org/argparse/-/argparse-2.0.1.tgz",
			"integrity": "sha512-8+9WqebbFzpX9OR+Wa6O29asIogeRMzcGtAINdpMHHyAg10f05aSFVBbcEqGf/PXw1EjAZ+q2/bEBg3DvurK3Q==",
			"license": "Python-2.0"
		},
		"node_modules/debug": {
			"version": "4.4.3",
			"resolved": "https://registry.npmjs.org/debug/-/debug-4.4.3.tgz",
			"integrity": "sha512-RGwwWnwQvkVfavKVt22FGLw+xYSdzARwm0ru6DhTVA3umU5hZc28V3kO4stgYryrTlLpuvgI9GiijltAjNbcqA==",
			"license": "MIT",
			"dependencies": {
				"ms": "^2.1.3"
			},
			"engines": {
				"node": ">=6.0"
			},
			"peerDependenciesMeta": {
				"supports-color": {
					"optional": true
				}
			}
		},
		"node_modules/dom-serializer": {
			"version": "1.4.1",
			"resolved": "https://registry.npmjs.org/dom-serializer/-/dom-serializer-1.4.1.tgz",
			"integrity": "sha512-VHwB3KfrcOOkelEG2ZOfxqLZdfkil8PtJi4P8N2MMXucZq2yLp75ClViUlOVwyoHEDjYU433Aq+5zWP61+RGag==",
			"license": "MIT",
			"dependencies": {
				"domelementtype": "^2.0.1",
				"domhandler": "^4.2.0",
				"entities": "^2.0.0"
			},
			"funding": {
				"url": "https://github.com/cheeriojs/dom-serializer?sponsor=1"
			}
		},
		"node_modules/dom-serializer/node_modules/entities": {
			"version": "2.2.0",
			"resolved": "https://registry.npmjs.org/entities/-/entities-2.2.0.tgz",
			"integrity": "sha512-p92if5Nz619I0w+akJrLZH0MX0Pb5DX39XOwQTtXSdQQOaYH03S1uIQp4mhOZtAXrxq4ViO67YTiLBo2638o9A==",
			"license": "BSD-2-Clause",
			"funding": {
				"url": "https://github.com/fb55/entities?sponsor=1"
			}
		},
		"node_modules/domelementtype": {
			"version": "2.3.0",
			"resolved": "https://registry.npmjs.org/domelementtype/-/domelementtype-2.3.0.tgz",
			"integrity": "sha512-OLETBj6w0OsagBwdXnPdN0cnMfF9opN69co+7ZrbfPGrdpPVNBUj02spi6B1N7wChLQiPn4CSH/zJvXw56gmHw==",
			"funding": [
				{
					"type": "github",
					"url": "https://github.com/sponsors/fb55"
				}
			],
			"license": "BSD-2-Clause"
		},
		"node_modules/domhandler": {
			"version": "4.3.1",
			"resolved": "https://registry.npmjs.org/domhandler/-/domhandler-4.3.1.tgz",
			"integrity": "sha512-GrwoxYN+uWlzO8uhUXRl0P+kHE4GtVPfYzVLcUxPL7KNdHKj66vvlhiweIHqYYXWlw+T8iLMp42Lm67ghw4WMQ==",
			"license": "BSD-2-Clause",
			"dependencies": {
				"domelementtype": "^2.2.0"
			},
			"engines": {
				"node": ">= 4"
			},
			"funding": {
				"url": "https://github.com/fb55/domhandler?sponsor=1"
			}
		},
		"node_modules/domutils": {
			"version": "2.8.0",
			"resolved": "https://registry.npmjs.org/domutils/-/domutils-2.8.0.tgz",
			"integrity": "sha512-w96Cjofp72M5IIhpjgobBimYEfoPjx1Vx0BSX9P30WBdZW2WIKU0T1Bd0kz2eNZ9ikjKgHbEyKx8BB6H1L3h3A==",
			"license": "BSD-2-Clause",
			"dependencies": {
				"dom-serializer": "^1.0.1",
				"domelementtype": "^2.2.0",
				"domhandler": "^4.2.0"
			},
			"funding": {
				"url": "https://github.com/fb55/domutils?sponsor=1"
			}
		},
		"node_modules/dotenv": {
			"version": "17.4.2",
			"resolved": "https://registry.npmjs.org/dotenv/-/dotenv-17.4.2.tgz",
			"integrity": "sha512-nI4U3TottKAcAD9LLud4Cb7b2QztQMUEfHbvhTH09bqXTxnSie8WnjPALV/WMCrJZ6UV/qHJ6L03OqO3LcdYZw==",
			"license": "BSD-2-Clause",
			"engines": {
				"node": ">=12"
			},
			"funding": {
				"url": "https://dotenvx.com"
			}
		},
		"node_modules/entities": {
			"version": "7.0.1",
			"resolved": "https://registry.npmjs.org/entities/-/entities-7.0.1.tgz",
			"integrity": "sha512-TWrgLOFUQTH994YUyl1yT4uyavY5nNB5muff+RtWaqNVCAK408b5ZnnbNAUEWLTCpum9w6arT70i1XdQ4UeOPA==",
			"license": "BSD-2-Clause",
			"engines": {
				"node": ">=0.12"
			},
			"funding": {
				"url": "https://github.com/fb55/entities?sponsor=1"
			}
		},
		"node_modules/escape-string-regexp": {
			"version": "5.0.0",
			"resolved": "https://registry.npmjs.org/escape-string-regexp/-/escape-string-regexp-5.0.0.tgz",
			"integrity": "sha512-/veY75JbMK4j1yjvuUxuVsiS/hr/4iHs9FTT6cgTexxdE0Ly/glccBAkloH/DofkjRbZU3bnoj38mOmhkZ0lHw==",
			"license": "MIT",
			"engines": {
				"node": ">=12"
			},
			"funding": {
				"url": "https://github.com/sponsors/sindresorhus"
			}
		},
		"node_modules/evaluate-value": {
			"version": "2.0.0",
			"resolved": "https://registry.npmjs.org/evaluate-value/-/evaluate-value-2.0.0.tgz",
			"integrity": "sha512-VonfiuDJc0z4sOO7W0Pd130VLsXN6vmBWZlrog1mCb/o7o/Nl5Lr25+Kj/nkCCAhG+zqeeGjxhkK9oHpkgTHhQ==",
			"license": "MIT",
			"engines": {
				"node": ">= 8"
			}
		},
		"node_modules/eventemitter3": {
			"version": "4.0.7",
			"resolved": "https://registry.npmjs.org/eventemitter3/-/eventemitter3-4.0.7.tgz",
			"integrity": "sha512-8guHBZCwKnFhYdHr2ysuRWErTwhoN2X8XELRlrRwpmfeY2jjuUN4taQMsULKUVo1K4DvZl+0pgfyoysHxvmvEw==",
			"license": "MIT"
		},
		"node_modules/fast-xml-builder": {
			"version": "1.2.0",
			"resolved": "https://registry.npmjs.org/fast-xml-builder/-/fast-xml-builder-1.2.0.tgz",
			"integrity": "sha512-00aAWieqff+ZJhsXA4g1g7M8k+7AYoMUUHF+/zFb5U6Uv/P0Vl4QZo84/IcufzYalLuEj9928bXN9PbbFzMF0Q==",
			"funding": [
				{
					"type": "github",
					"url": "https://github.com/sponsors/NaturalIntelligence"
				}
			],
			"license": "MIT",
			"dependencies": {
				"path-expression-matcher": "^1.5.0",
				"xml-naming": "^0.1.0"
			}
		},
		"node_modules/fast-xml-parser": {
			"version": "5.8.0",
			"resolved": "https://registry.npmjs.org/fast-xml-parser/-/fast-xml-parser-5.8.0.tgz",
			"integrity": "sha512-6bIM7fsJxeo3uXv7OncQYsBAMPJ7V16Slahl/6M98C/i2q+vB1+4a0MtrvYwDFEUrwDSbAmeLDRXsOBwrL7yAg==",
			"funding": [
				{
					"type": "github",
					"url": "https://github.com/sponsors/NaturalIntelligence"
				}
			],
			"license": "MIT",
			"dependencies": {
				"@nodable/entities": "^2.1.0",
				"fast-xml-builder": "^1.2.0",
				"path-expression-matcher": "^1.5.0",
				"strnum": "^2.3.0",
				"xml-naming": "^0.1.0"
			},
			"bin": {
				"fxparser": "src/cli/cli.js"
			}
		},
		"node_modules/filesize": {
			"version": "10.1.6",
			"resolved": "https://registry.npmjs.org/filesize/-/filesize-10.1.6.tgz",
			"integrity": "sha512-sJslQKU2uM33qH5nqewAwVB2QgR6w1aMNsYUp3aN5rMRyXEwJGmZvaWzeJFNTOXWlHQyBFCWrdj3fV/fsTOX8w==",
			"license": "BSD-3-Clause",
			"engines": {
				"node": ">= 10.4.0"
			}
		},
		"node_modules/flatted": {
			"version": "3.4.2",
			"resolved": "https://registry.npmjs.org/flatted/-/flatted-3.4.2.tgz",
			"integrity": "sha512-PjDse7RzhcPkIJwy5t7KPWQSZ9cAbzQXcafsetQoD7sOJRQlGikNbx7yZp2OotDnJyrDcbyRq3Ttb18iYOqkxA==",
			"license": "ISC"
		},
		"node_modules/github-publish": {
			"version": "6.0.0",
			"resolved": "https://registry.npmjs.org/github-publish/-/github-publish-6.0.0.tgz",
			"integrity": "sha512-l2qCwt0QoAUH0Fgq05VQ2UZKCBOq/v3gogl0XViMf25Cn+7A9206uJ0cfnLUxVBq74IsziGc/jJFkiUDpJYVUg==",
			"license": "MIT",
			"dependencies": {
				"pony-cause": "^2.1.11",
				"undici": "^6.19.2"
			},
			"engines": {
				"node": ">=18.17.0"
			}
		},
		"node_modules/htmlparser2": {
			"version": "7.2.0",
			"resolved": "https://registry.npmjs.org/htmlparser2/-/htmlparser2-7.2.0.tgz",
			"integrity": "sha512-H7MImA4MS6cw7nbyURtLPO1Tms7C5H602LRETv95z1MxO/7CP7rDVROehUYeYBUYEON94NXXDEPmZuq+hX4sog==",
			"funding": [
				"https://github.com/fb55/htmlparser2?sponsor=1",
				{
					"type": "github",
					"url": "https://github.com/sponsors/fb55"
				}
			],
			"license": "MIT",
			"dependencies": {
				"domelementtype": "^2.0.1",
				"domhandler": "^4.2.2",
				"domutils": "^2.8.0",
				"entities": "^3.0.1"
			}
		},
		"node_modules/htmlparser2/node_modules/entities": {
			"version": "3.0.1",
			"resolved": "https://registry.npmjs.org/entities/-/entities-3.0.1.tgz",
			"integrity": "sha512-WiyBqoomrwMdFG1e0kqvASYfnlb0lp8M5o5Fw2OFq1hNZxxcNk8Ik0Xm7LxzBhuidnZB/UtBqVCgUz3kBOP51Q==",
			"license": "BSD-2-Clause",
			"engines": {
				"node": ">=0.12"
			},
			"funding": {
				"url": "https://github.com/fb55/entities?sponsor=1"
			}
		},
		"node_modules/husky": {
			"version": "9.1.7",
			"resolved": "https://registry.npmjs.org/husky/-/husky-9.1.7.tgz",
			"integrity": "sha512-5gs5ytaNjBrh5Ow3zrvdUUY+0VxIuWVL4i9irt6friV+BqdCfmV11CQTWMiBYWHbXhco+J1kHfTOUkePhCDvMA==",
			"dev": true,
			"license": "MIT",
			"bin": {
				"husky": "bin.js"
			},
			"engines": {
				"node": ">=18"
			},
			"funding": {
				"url": "https://github.com/sponsors/typicode"
			}
		},
		"node_modules/is-json": {
			"version": "2.0.1",
			"resolved": "https://registry.npmjs.org/is-json/-/is-json-2.0.1.tgz",
			"integrity": "sha512-6BEnpVn1rcf3ngfmViLM6vjUjGErbdrL4rwlv+u1NO1XO8kqT4YGL8+19Q+Z/bas8tY90BTWMk2+fW1g6hQjbA==",
			"license": "ISC"
		},
		"node_modules/js-yaml": {
			"version": "4.1.1",
			"resolved": "https://registry.npmjs.org/js-yaml/-/js-yaml-4.1.1.tgz",
			"integrity": "sha512-qQKT4zQxXl8lLwBtHMWwaTcGfFOZviOJet3Oy/xmGk2gZH677CJM9EvtfdSkgWcATZhj/55JZ0rmy3myCT5lsA==",
			"license": "MIT",
			"dependencies": {
				"argparse": "^2.0.1"
			},
			"bin": {
				"js-yaml": "bin/js-yaml.js"
			}
		},
		"node_modules/kleur": {
			"version": "4.1.5",
			"resolved": "https://registry.npmjs.org/kleur/-/kleur-4.1.5.tgz",
			"integrity": "sha512-o+NO+8WrRiQEE4/7nwRJhN1HWpVmJm511pBHUxPLtp0BUISzlBplORYSmTclCnJvQq2tKu/sgl3xVpkc7ZWuQQ==",
			"license": "MIT",
			"engines": {
				"node": ">=6"
			}
		},
		"node_modules/list-to-array": {
			"version": "1.1.0",
			"resolved": "https://registry.npmjs.org/list-to-array/-/list-to-array-1.1.0.tgz",
			"integrity": "sha512-+dAZZ2mM+/m+vY9ezfoueVvrgnHIGi5FvgSymbIgJOFwiznWyA59mav95L+Mc6xPtL3s9gm5eNTlNtxJLbNM1g==",
			"license": "MIT"
		},
		"node_modules/make-synchronized": {
			"version": "0.8.0",
			"resolved": "https://registry.npmjs.org/make-synchronized/-/make-synchronized-0.8.0.tgz",
			"integrity": "sha512-DZu4lwc0ffoFz581BSQa/BJl+1ZqIkoRQ+VejMlH0VrP4E86StAODnZujZ4sepumQj8rcP7wUnUBGM8Gu+zKUA==",
			"license": "MIT",
			"funding": {
				"url": "https://github.com/fisker/make-synchronized?sponsor=1"
			}
		},
		"node_modules/ms": {
			"version": "2.1.3",
			"resolved": "https://registry.npmjs.org/ms/-/ms-2.1.3.tgz",
			"integrity": "sha512-6FlzubTLZG3J2a/NVCAleEhjzq5oxgHyaCU9yYXvcLsvoVaHJq/s5xXI6/XXP6tz7R9xAOtHnSO/tXtF3WRTlA==",
			"license": "MIT"
		},
		"node_modules/p-finally": {
			"version": "1.0.0",
			"resolved": "https://registry.npmjs.org/p-finally/-/p-finally-1.0.0.tgz",
			"integrity": "sha512-LICb2p9CB7FS+0eR1oqWnHhp0FljGLZCWBE9aix0Uye9W8LTQPwMTYVGWQWIw9RdQiDg4+epXQODwIYJtSJaow==",
			"license": "MIT",
			"engines": {
				"node": ">=4"
			}
		},
		"node_modules/p-queue": {
			"version": "6.6.2",
			"resolved": "https://registry.npmjs.org/p-queue/-/p-queue-6.6.2.tgz",
			"integrity": "sha512-RwFpb72c/BhQLEXIZ5K2e+AhgNVmIejGlTgiB9MzZ0e93GRvqZ7uSi0dvRF7/XIXDeNkra2fNHBxTyPDGySpjQ==",
			"license": "MIT",
			"dependencies": {
				"eventemitter3": "^4.0.4",
				"p-timeout": "^3.2.0"
			},
			"engines": {
				"node": ">=8"
			},
			"funding": {
				"url": "https://github.com/sponsors/sindresorhus"
			}
		},
		"node_modules/p-timeout": {
			"version": "3.2.0",
			"resolved": "https://registry.npmjs.org/p-timeout/-/p-timeout-3.2.0.tgz",
			"integrity": "sha512-rhIwUycgwwKcP9yTOOFK/AKsAopjjCakVqLHePO3CC6Mir1Z99xT+R63jZxAT5lFZLa2inS5h+ZS2GvR99/FBg==",
			"license": "MIT",
			"dependencies": {
				"p-finally": "^1.0.0"
			},
			"engines": {
				"node": ">=8"
			}
		},
		"node_modules/parse-srcset": {
			"version": "1.0.2",
			"resolved": "https://registry.npmjs.org/parse-srcset/-/parse-srcset-1.0.2.tgz",
			"integrity": "sha512-/2qh0lav6CmI15FzA3i/2Bzk2zCgQhGMkvhOhKNcBVQ1ldgpbfiNTVslmooUmWJcADi1f1kIeynbDRVzNlfR6Q==",
			"license": "MIT"
		},
		"node_modules/path-expression-matcher": {
			"version": "1.5.0",
			"resolved": "https://registry.npmjs.org/path-expression-matcher/-/path-expression-matcher-1.5.0.tgz",
			"integrity": "sha512-cbrerZV+6rvdQrrD+iGMcZFEiiSrbv9Tfdkvnusy6y0x0GKBXREFg/Y65GhIfm0tnLntThhzCnfKwp1WRjeCyQ==",
			"funding": [
				{
					"type": "github",
					"url": "https://github.com/sponsors/NaturalIntelligence"
				}
			],
			"license": "MIT",
			"engines": {
				"node": ">=14.0.0"
			}
		},
		"node_modules/pony-cause": {
			"version": "2.1.11",
			"resolved": "https://registry.npmjs.org/pony-cause/-/pony-cause-2.1.11.tgz",
			"integrity": "sha512-M7LhCsdNbNgiLYiP4WjsfLUuFmCfnjdF6jKe2R9NKl4WFN+HZPGHJZ9lnLP7f9ZnKe3U9nuWD0szirmj+migUg==",
			"license": "0BSD",
			"engines": {
				"node": ">=12.0.0"
			}
		},
		"node_modules/posthtml": {
			"version": "0.16.7",
			"resolved": "https://registry.npmjs.org/posthtml/-/posthtml-0.16.7.tgz",
			"integrity": "sha512-7Hc+IvlQ7hlaIfQFZnxlRl0jnpWq2qwibORBhQYIb0QbNtuicc5ZxvKkVT71HJ4Py1wSZ/3VR1r8LfkCtoCzhw==",
			"license": "MIT",
			"dependencies": {
				"posthtml-parser": "^0.11.0",
				"posthtml-render": "^3.0.0"
			},
			"engines": {
				"node": ">=12.0.0"
			}
		},
		"node_modules/posthtml-parser": {
			"version": "0.11.0",
			"resolved": "https://registry.npmjs.org/posthtml-parser/-/posthtml-parser-0.11.0.tgz",
			"integrity": "sha512-QecJtfLekJbWVo/dMAA+OSwY79wpRmbqS5TeXvXSX+f0c6pW4/SE6inzZ2qkU7oAMCPqIDkZDvd/bQsSFUnKyw==",
			"license": "MIT",
			"dependencies": {
				"htmlparser2": "^7.1.1"
			},
			"engines": {
				"node": ">=12"
			}
		},
		"node_modules/posthtml-render": {
			"version": "3.0.0",
			"resolved": "https://registry.npmjs.org/posthtml-render/-/posthtml-render-3.0.0.tgz",
			"integrity": "sha512-z+16RoxK3fUPgwaIgH9NGnK1HKY9XIDpydky5eQGgAFVXTCSezalv9U2jQuNV+Z9qV1fDWNzldcw4eK0SSbqKA==",
			"license": "MIT",
			"dependencies": {
				"is-json": "^2.0.1"
			},
			"engines": {
				"node": ">=12"
			}
		},
		"node_modules/prettier": {
			"version": "3.8.3",
			"resolved": "https://registry.npmjs.org/prettier/-/prettier-3.8.3.tgz",
			"integrity": "sha512-7igPTM53cGHMW8xWuVTydi2KO233VFiTNyF5hLJqpilHfmn8C8gPf+PS7dUT64YcXFbiMGZxS9pCSxL/Dxm/Jw==",
			"license": "MIT",
			"bin": {
				"prettier": "bin/prettier.cjs"
			},
			"engines": {
				"node": ">=14"
			},
			"funding": {
				"url": "https://github.com/prettier/prettier?sponsor=1"
			}
		},
		"node_modules/striptags": {
			"version": "3.2.0",
			"resolved": "https://registry.npmjs.org/striptags/-/striptags-3.2.0.tgz",
			"integrity": "sha512-g45ZOGzHDMe2bdYMdIvdAfCQkCTDMGBazSw1ypMowwGIee7ZQ5dU0rBJ8Jqgl+jAKIv4dbeE1jscZq9wid1Tkw==",
			"license": "MIT"
		},
		"node_modules/strnum": {
			"version": "2.3.0",
			"resolved": "https://registry.npmjs.org/strnum/-/strnum-2.3.0.tgz",
			"integrity": "sha512-ums3KNd42PGyx5xaoVTO1mjU1bH3NpY4vsrVlnv9PNGqQj8wd7rJ6nEypLrJ7z5vxK5RP0yMLo6J/Gsm62DI5Q==",
			"funding": [
				{
					"type": "github",
					"url": "https://github.com/sponsors/NaturalIntelligence"
				}
			],
			"license": "MIT"
		},
		"node_modules/turndown": {
			"version": "7.2.0",
			"resolved": "git+ssh://git@github.com/zachleat/fork-turndown.git#7c2b27875713d37d3eb079c001ecc0b2502539d2",
			"license": "MIT",
			"dependencies": {
				"@mixmark-io/domino": "^2.2.0"
			}
		},
		"node_modules/undici": {
			"version": "6.24.1",
			"resolved": "https://registry.npmjs.org/undici/-/undici-6.24.1.tgz",
			"integrity": "sha512-sC+b0tB1whOCzbtlx20fx3WgCXwkW627p4EA9uM+/tNNPkSS+eSEld6pAs9nDv7WbY1UUljBMYPtu9BCOrCWKA==",
			"license": "MIT",
			"engines": {
				"node": ">=18.17"
			}
		},
		"node_modules/xml-naming": {
			"version": "0.1.0",
			"resolved": "https://registry.npmjs.org/xml-naming/-/xml-naming-0.1.0.tgz",
			"integrity": "sha512-k8KO9hrMyNk6tUWqUfkTEZbezRRpONVOzUTnc97VnCvyj6Tf9lyUR9EDAIeiVLv56jsMcoXEwjW8Kv5yPY52lw==",
			"funding": [
				{
					"type": "github",
					"url": "https://github.com/sponsors/NaturalIntelligence"
				}
			],
			"license": "MIT",
			"engines": {
				"node": ">=16.0.0"
			}
		}
	}
}
